
Microsoft Visual Studio Solution File, Format Version 12.00
# Visual Studio Version 17
VisualStudioVersion = 17.3.32901.215
MinimumVisualStudioVersion = 10.0.40219.1
Project("{8BC9CEB8-8B4A-11D0-8D11-00A0C91BC942}") = "KMDFDriver1", "KMDFDriver1.vcxproj", "{9F7ABF5F-A699-4F6A-BF48-9F719C9D26F2}"
EndProject
Project("{8BC9CEB8-8B4A-11D0-8D11-00A0C91BC942}") = "HelloWDM", "..\HelloWDM\HelloWDM.vcxproj", "{8BBF7EC1-401E-4E05-8C66-111216918B43}"
EndProject
Project("{8BC9CEB8-8B4A-11D0-8D11-00A0C91BC942}") = "KMDFCapter1", "..\KMDFCapter1\KMDFCapter1.vcxproj", "{DCD621CE-A5F3-4E6F-B93E-8B7865D03367}"
EndProject
Project("{8BC9CEB8-8B4A-11D0-8D11-00A0C91BC942}") = "NTDriver1", "..\NTDriver1\NTDriver1.vcxproj", "{272C3B32-C3D3-4014-9ED8-AE574B187341}"
EndProject
Global
	GlobalSection(SolutionConfigurationPlatforms) = preSolution
		Debug|ARM64 = Debug|ARM64
		Debug|x64 = Debug|x64
		Release|ARM64 = Release|ARM64
		Release|x64 = Release|x64
	EndGlobalSection
	GlobalSection(ProjectConfigurationPlatforms) = postSolution
		{9F7ABF5F-A699-4F6A-BF48-9F719C9D26F2}.Debug|ARM64.ActiveCfg = Debug|ARM64
		{9F7ABF5F-A699-4F6A-BF48-9F719C9D26F2}.Debug|ARM64.Build.0 = Debug|ARM64
		{9F7ABF5F-A699-4F6A-BF48-9F719C9D26F2}.Debug|ARM64.Deploy.0 = Debug|ARM64
		{9F7ABF5F-A699-4F6A-BF48-9F719C9D26F2}.Debug|x64.ActiveCfg = Debug|x64
		{9F7ABF5F-A699-4F6A-BF48-9F719C9D26F2}.Debug|x64.Build.0 = Debug|x64
		{9F7ABF5F-A699-4F6A-BF48-9F719C9D26F2}.Debug|x64.Deploy.0 = Debug|x64
		{9F7ABF5F-A699-4F6A-BF48-9F719C9D26F2}.Release|ARM64.ActiveCfg = Release|ARM64
		{9F7ABF5F-A699-4F6A-BF48-9F719C9D26F2}.Release|ARM64.Build.0 = Release|ARM64
		{9F7ABF5F-A699-4F6A-BF48-9F719C9D26F2}.Release|ARM64.Deploy.0 = Release|ARM64
		{9F7ABF5F-A699-4F6A-BF48-9F719C9D26F2}.Release|x64.ActiveCfg = Release|x64
		{9F7ABF5F-A699-4F6A-BF48-9F719C9D26F2}.Release|x64.Build.0 = Release|x64
		{9F7ABF5F-A699-4F6A-BF48-9F719C9D26F2}.Release|x64.Deploy.0 = Release|x64
		{8BBF7EC1-401E-4E05-8C66-111216918B43}.Debug|ARM64.ActiveCfg = Debug|ARM64
		{8BBF7EC1-401E-4E05-8C66-111216918B43}.Debug|ARM64.Build.0 = Debug|ARM64
		{8BBF7EC1-401E-4E05-8C66-111216918B43}.Debug|ARM64.Deploy.0 = Debug|ARM64
		{8BBF7EC1-401E-4E05-8C66-111216918B43}.Debug|x64.ActiveCfg = Debug|x64
		{8BBF7EC1-401E-4E05-8C66-111216918B43}.Debug|x64.Build.0 = Debug|x64
		{8BBF7EC1-401E-4E05-8C66-111216918B43}.Debug|x64.Deploy.0 = Debug|x64
		{8BBF7EC1-401E-4E05-8C66-111216918B43}.Release|ARM64.ActiveCfg = Release|ARM64
		{8BBF7EC1-401E-4E05-8C66-111216918B43}.Release|ARM64.Build.0 = Release|ARM64
		{8BBF7EC1-401E-4E05-8C66-111216918B43}.Release|ARM64.Deploy.0 = Release|ARM64
		{8BBF7EC1-401E-4E05-8C66-111216918B43}.Release|x64.ActiveCfg = Release|x64
		{8BBF7EC1-401E-4E05-8C66-111216918B43}.Release|x64.Build.0 = Release|x64
		{8BBF7EC1-401E-4E05-8C66-111216918B43}.Release|x64.Deploy.0 = Release|x64
		{DCD621CE-A5F3-4E6F-B93E-8B7865D03367}.Debug|ARM64.ActiveCfg = Debug|ARM64
		{DCD621CE-A5F3-4E6F-B93E-8B7865D03367}.Debug|ARM64.Build.0 = Debug|ARM64
		{DCD621CE-A5F3-4E6F-B93E-8B7865D03367}.Debug|ARM64.Deploy.0 = Debug|ARM64
		{DCD621CE-A5F3-4E6F-B93E-8B7865D03367}.Debug|x64.ActiveCfg = Debug|x64
		{DCD621CE-A5F3-4E6F-B93E-8B7865D03367}.Debug|x64.Build.0 = Debug|x64
		{DCD621CE-A5F3-4E6F-B93E-8B7865D03367}.Debug|x64.Deploy.0 = Debug|x64
		{DCD621CE-A5F3-4E6F-B93E-8B7865D03367}.Release|ARM64.ActiveCfg = Release|ARM64
		{DCD621CE-A5F3-4E6F-B93E-8B7865D03367}.Release|ARM64.Build.0 = Release|ARM64
		{DCD621CE-A5F3-4E6F-B93E-8B7865D03367}.Release|ARM64.Deploy.0 = Release|ARM64
		{DCD621CE-A5F3-4E6F-B93E-8B7865D03367}.Release|x64.ActiveCfg = Release|x64
		{DCD621CE-A5F3-4E6F-B93E-8B7865D03367}.Release|x64.Build.0 = Release|x64
		{DCD621CE-A5F3-4E6F-B93E-8B7865D03367}.Release|x64.Deploy.0 = Release|x64
		{272C3B32-C3D3-4014-9ED8-AE574B187341}.Debug|ARM64.ActiveCfg = Debug|ARM64
		{272C3B32-C3D3-4014-9ED8-AE574B187341}.Debug|ARM64.Build.0 = Debug|ARM64
		{272C3B32-C3D3-4014-9ED8-AE574B187341}.Debug|ARM64.Deploy.0 = Debug|ARM64
		{272C3B32-C3D3-4014-9ED8-AE574B187341}.Debug|x64.ActiveCfg = Debug|x64
		{272C3B32-C3D3-4014-9ED8-AE574B187341}.Debug|x64.Build.0 = Debug|x64
		{272C3B32-C3D3-4014-9ED8-AE574B187341}.Debug|x64.Deploy.0 = Debug|x64
		{272C3B32-C3D3-4014-9ED8-AE574B187341}.Release|ARM64.ActiveCfg = Release|ARM64
		{272C3B32-C3D3-4014-9ED8-AE574B187341}.Release|ARM64.Build.0 = Release|ARM64
		{272C3B32-C3D3-4014-9ED8-AE574B187341}.Release|ARM64.Deploy.0 = Release|ARM64
		{272C3B32-C3D3-4014-9ED8-AE574B187341}.Release|x64.ActiveCfg = Release|x64
		{272C3B32-C3D3-4014-9ED8-AE574B187341}.Release|x64.Build.0 = Release|x64
		{272C3B32-C3D3-4014-9ED8-AE574B187341}.Release|x64.Deploy.0 = Release|x64
	EndGlobalSection
	GlobalSection(SolutionProperties) = preSolution
		HideSolutionNode = FALSE
	EndGlobalSection
	GlobalSection(ExtensibilityGlobals) = postSolution
		SolutionGuid = {45C50A66-AA5F-477E-B538-F8240386D042}
	EndGlobalSection
EndGlobal
